
Microsoft Visual Studio Solution File, Format Version 12.00
# Visual Studio 15
VisualStudioVersion = 15.0.28307.1000
MinimumVisualStudioVersion = 10.0.40219.1
Project("{FAE04EC0-301F-11D3-BF4B-00C04F79EFBC}") = "TCPServer", "ClientAndServer\TCPServer.csproj", "{51E240CE-6B69-490D-92D9-96BC6B497618}"
EndProject
Project("{FAE04EC0-301F-11D3-BF4B-00C04F79EFBC}") = "TCPClient", "TCPClient\TCPClient.csproj", "{D65F6BAB-3CBE-4272-9C23-28BE64128A66}"
EndProject
Project("{FAE04EC0-301F-11D3-BF4B-00C04F79EFBC}") = "UDPClient", "UDPClient\UDPClient.csproj", "{A20E4889-8F52-4099-93D0-F6DAAA753ECA}"
EndProject
Project("{FAE04EC0-301F-11D3-BF4B-00C04F79EFBC}") = "UDPServer", "UDPServer\UDPServer.csproj", "{2DA69C79-C515-4CAF-904B-87891E95BCB4}"
EndProject
Global
	GlobalSection(SolutionConfigurationPlatforms) = preSolution
		Debug|Any CPU = Debug|Any CPU
		Release|Any CPU = Release|Any CPU
	EndGlobalSection
	GlobalSection(ProjectConfigurationPlatforms) = postSolution
		{51E240CE-6B69-490D-92D9-96BC6B497618}.Debug|Any CPU.ActiveCfg = Debug|Any CPU
		{51E240CE-6B69-490D-92D9-96BC6B497618}.Debug|Any CPU.Build.0 = Debug|Any CPU
		{51E240CE-6B69-490D-92D9-96BC6B497618}.Release|Any CPU.ActiveCfg = Release|Any CPU
		{51E240CE-6B69-490D-92D9-96BC6B497618}.Release|Any CPU.Build.0 = Release|Any CPU
		{D65F6BAB-3CBE-4272-9C23-28BE64128A66}.Debug|Any CPU.ActiveCfg = Debug|Any CPU
		{D65F6BAB-3CBE-4272-9C23-28BE64128A66}.Debug|Any CPU.Build.0 = Debug|Any CPU
		{D65F6BAB-3CBE-4272-9C23-28BE64128A66}.Release|Any CPU.ActiveCfg = Release|Any CPU
		{D65F6BAB-3CBE-4272-9C23-28BE64128A66}.Release|Any CPU.Build.0 = Release|Any CPU
		{A20E4889-8F52-4099-93D0-F6DAAA753ECA}.Debug|Any CPU.ActiveCfg = Debug|Any CPU
		{A20E4889-8F52-4099-93D0-F6DAAA753ECA}.Debug|Any CPU.Build.0 = Debug|Any CPU
		{A20E4889-8F52-4099-93D0-F6DAAA753ECA}.Release|Any CPU.ActiveCfg = Release|Any CPU
		{A20E4889-8F52-4099-93D0-F6DAAA753ECA}.Release|Any CPU.Build.0 = Release|Any CPU
		{2DA69C79-C515-4CAF-904B-87891E95BCB4}.Debug|Any CPU.ActiveCfg = Debug|Any CPU
		{2DA69C79-C515-4CAF-904B-87891E95BCB4}.Debug|Any CPU.Build.0 = Debug|Any CPU
		{2DA69C79-C515-4CAF-904B-87891E95BCB4}.Release|Any CPU.ActiveCfg = Release|Any CPU
		{2DA69C79-C515-4CAF-904B-87891E95BCB4}.Release|Any CPU.Build.0 = Release|Any CPU
	EndGlobalSection
	GlobalSection(SolutionProperties) = preSolution
		HideSolutionNode = FALSE
	EndGlobalSection
	GlobalSection(ExtensibilityGlobals) = postSolution
		SolutionGuid = {CD6E41AB-367E-468A-867C-D25885A02ABF}
	EndGlobalSection
EndGlobal
